// !$*UTF8*$!
{
	archiveVersion = 1;
	classes = {
	};
	objectVersion = 50;
	objects = {

/* Begin PBXBuildFile section */
		C207286725B3419900E88A35 /* LeaveRequest+TVDelegate.swift in Sources */ = {isa = PBXBuildFile; fileRef = C207286625B3419900E88A35 /* LeaveRequest+TVDelegate.swift */; };
		C2192D2C25B1F2150084980F /* LeaveTypesCVCell.swift in Sources */ = {isa = PBXBuildFile; fileRef = C2192D2A25B1F2150084980F /* LeaveTypesCVCell.swift */; };
		C2192D2D25B1F2150084980F /* LeaveTypesCVCell.xib in Resources */ = {isa = PBXBuildFile; fileRef = C2192D2B25B1F2150084980F /* LeaveTypesCVCell.xib */; };
		C2192D3125B1F5CE0084980F /* LeaveDayTVCell.swift in Sources */ = {isa = PBXBuildFile; fileRef = C2192D2F25B1F5CE0084980F /* LeaveDayTVCell.swift */; };
		C2192D3225B1F5CE0084980F /* LeaveDayTVCell.xib in Resources */ = {isa = PBXBuildFile; fileRef = C2192D3025B1F5CE0084980F /* LeaveDayTVCell.xib */; };
		C2192D3525B1F7750084980F /* Date.swift in Sources */ = {isa = PBXBuildFile; fileRef = C2192D3425B1F7750084980F /* Date.swift */; };
		C2192D3825B1F96B0084980F /* LeaveRequest+TVExtention.swift in Sources */ = {isa = PBXBuildFile; fileRef = C2192D3725B1F96B0084980F /* LeaveRequest+TVExtention.swift */; };
		C2192D3B25B1F9B80084980F /* LeaveRequestViewModel.swift in Sources */ = {isa = PBXBuildFile; fileRef = C2192D3A25B1F9B80084980F /* LeaveRequestViewModel.swift */; };
		C2192D3E25B1FA9C0084980F /* LeaveRequest+CVExtension.swift in Sources */ = {isa = PBXBuildFile; fileRef = C2192D3D25B1FA9C0084980F /* LeaveRequest+CVExtension.swift */; };
		C2192D4125B202D20084980F /* TODO.swift in Sources */ = {isa = PBXBuildFile; fileRef = C2192D4025B202D20084980F /* TODO.swift */; };
		C2192D4525B205260084980F /* LeaveRequest.xcassets in Resources */ = {isa = PBXBuildFile; fileRef = C2192D4425B205260084980F /* LeaveRequest.xcassets */; };
		C2192D4925B2109C0084980F /* UIView.swift in Sources */ = {isa = PBXBuildFile; fileRef = C2192D4825B2109C0084980F /* UIView.swift */; };
		C2192D4C25B213020084980F /* Theme.swift in Sources */ = {isa = PBXBuildFile; fileRef = C2192D4B25B213020084980F /* Theme.swift */; };
		C2192D5225B284990084980F /* LeaveRequest+DatePicker.swift in Sources */ = {isa = PBXBuildFile; fileRef = C2192D5125B284990084980F /* LeaveRequest+DatePicker.swift */; };
		C2192D5525B28C5C0084980F /* LeaveRequest+TFExtension.swift in Sources */ = {isa = PBXBuildFile; fileRef = C2192D5425B28C5C0084980F /* LeaveRequest+TFExtension.swift */; };
		C2B0010425B1913B002B6F64 /* AppDelegate.swift in Sources */ = {isa = PBXBuildFile; fileRef = C2B0010325B1913B002B6F64 /* AppDelegate.swift */; };
		C2B0010625B1913B002B6F64 /* SceneDelegate.swift in Sources */ = {isa = PBXBuildFile; fileRef = C2B0010525B1913B002B6F64 /* SceneDelegate.swift */; };
		C2B0010D25B1913C002B6F64 /* Assets.xcassets in Resources */ = {isa = PBXBuildFile; fileRef = C2B0010C25B1913C002B6F64 /* Assets.xcassets */; };
		C2B0011025B1913C002B6F64 /* LaunchScreen.storyboard in Resources */ = {isa = PBXBuildFile; fileRef = C2B0010E25B1913C002B6F64 /* LaunchScreen.storyboard */; };
		C2B0011A25B19152002B6F64 /* Leave.swift in Sources */ = {isa = PBXBuildFile; fileRef = C2B0011925B19152002B6F64 /* Leave.swift */; };
		C2B0012225B19290002B6F64 /* ApiManager.swift in Sources */ = {isa = PBXBuildFile; fileRef = C2B0012125B19290002B6F64 /* ApiManager.swift */; };
		C2B0012625B19BC1002B6F64 /* Constants.swift in Sources */ = {isa = PBXBuildFile; fileRef = C2B0012525B19BC1002B6F64 /* Constants.swift */; };
		C2B0012925B19C9F002B6F64 /* ApiParams.swift in Sources */ = {isa = PBXBuildFile; fileRef = C2B0012825B19C9F002B6F64 /* ApiParams.swift */; };
		C2B0012D25B19E09002B6F64 /* ReadMe.swift in Sources */ = {isa = PBXBuildFile; fileRef = C2B0012C25B19E09002B6F64 /* ReadMe.swift */; };
		C2B0013025B19F33002B6F64 /* Design1 in Resources */ = {isa = PBXBuildFile; fileRef = C2B0012F25B19F33002B6F64 /* Design1 */; };
		C2B0013325B19F6B002B6F64 /* LeaveRequestViewController.swift in Sources */ = {isa = PBXBuildFile; fileRef = C2B0013225B19F6B002B6F64 /* LeaveRequestViewController.swift */; };
		C2B0013C25B1A01B002B6F64 /* LeaveRequest.storyboard in Resources */ = {isa = PBXBuildFile; fileRef = C2B0013B25B1A01B002B6F64 /* LeaveRequest.storyboard */; };
		C2B0014125B1A197002B6F64 /* UITextField.swift in Sources */ = {isa = PBXBuildFile; fileRef = C2B0014025B1A197002B6F64 /* UITextField.swift */; };
		C2F5EFCD25B3E0340017228E /* LeaveRequest+Keyboard.swift in Sources */ = {isa = PBXBuildFile; fileRef = C2F5EFCC25B3E0340017228E /* LeaveRequest+Keyboard.swift */; };
		C2F5EFD125B3F54A0017228E /* UIViewController.swift in Sources */ = {isa = PBXBuildFile; fileRef = C2F5EFD025B3F54A0017228E /* UIViewController.swift */; };
/* End PBXBuildFile section */

/* Begin PBXFileReference section */
		C207286625B3419900E88A35 /* LeaveRequest+TVDelegate.swift */ = {isa = PBXFileReference; lastKnownFileType = sourcecode.swift; path = "LeaveRequest+TVDelegate.swift"; sourceTree = "<group>"; };
		C2192D2A25B1F2150084980F /* LeaveTypesCVCell.swift */ = {isa = PBXFileReference; lastKnownFileType = sourcecode.swift; path = LeaveTypesCVCell.swift; sourceTree = "<group>"; };
		C2192D2B25B1F2150084980F /* LeaveTypesCVCell.xib */ = {isa = PBXFileReference; lastKnownFileType = file.xib; path = LeaveTypesCVCell.xib; sourceTree = "<group>"; };
		C2192D2F25B1F5CE0084980F /* LeaveDayTVCell.swift */ = {isa = PBXFileReference; lastKnownFileType = sourcecode.swift; path = LeaveDayTVCell.swift; sourceTree = "<group>"; };
		C2192D3025B1F5CE0084980F /* LeaveDayTVCell.xib */ = {isa = PBXFileReference; lastKnownFileType = file.xib; path = LeaveDayTVCell.xib; sourceTree = "<group>"; };
		C2192D3425B1F7750084980F /* Date.swift */ = {isa = PBXFileReference; lastKnownFileType = sourcecode.swift; path = Date.swift; sourceTree = "<group>"; };
		C2192D3725B1F96B0084980F /* LeaveRequest+TVExtention.swift */ = {isa = PBXFileReference; lastKnownFileType = sourcecode.swift; path = "LeaveRequest+TVExtention.swift"; sourceTree = "<group>"; };
		C2192D3A25B1F9B80084980F /* LeaveRequestViewModel.swift */ = {isa = PBXFileReference; lastKnownFileType = sourcecode.swift; path = LeaveRequestViewModel.swift; sourceTree = "<group>"; };
		C2192D3D25B1FA9C0084980F /* LeaveRequest+CVExtension.swift */ = {isa = PBXFileReference; lastKnownFileType = sourcecode.swift; path = "LeaveRequest+CVExtension.swift"; sourceTree = "<group>"; };
		C2192D4025B202D20084980F /* TODO.swift */ = {isa = PBXFileReference; lastKnownFileType = sourcecode.swift; path = TODO.swift; sourceTree = "<group>"; };
		C2192D4425B205260084980F /* LeaveRequest.xcassets */ = {isa = PBXFileReference; lastKnownFileType = folder.assetcatalog; path = LeaveRequest.xcassets; sourceTree = "<group>"; };
		C2192D4825B2109C0084980F /* UIView.swift */ = {isa = PBXFileReference; lastKnownFileType = sourcecode.swift; path = UIView.swift; sourceTree = "<group>"; };
		C2192D4B25B213020084980F /* Theme.swift */ = {isa = PBXFileReference; lastKnownFileType = sourcecode.swift; path = Theme.swift; sourceTree = "<group>"; };
		C2192D5125B284990084980F /* LeaveRequest+DatePicker.swift */ = {isa = PBXFileReference; lastKnownFileType = sourcecode.swift; path = "LeaveRequest+DatePicker.swift"; sourceTree = "<group>"; };
		C2192D5425B28C5C0084980F /* LeaveRequest+TFExtension.swift */ = {isa = PBXFileReference; lastKnownFileType = sourcecode.swift; path = "LeaveRequest+TFExtension.swift"; sourceTree = "<group>"; };
		C2B0010025B1913B002B6F64 /* Test.app */ = {isa = PBXFileReference; explicitFileType = wrapper.application; includeInIndex = 0; path = Test.app; sourceTree = BUILT_PRODUCTS_DIR; };
		C2B0010325B1913B002B6F64 /* AppDelegate.swift */ = {isa = PBXFileReference; lastKnownFileType = sourcecode.swift; path = AppDelegate.swift; sourceTree = "<group>"; };
		C2B0010525B1913B002B6F64 /* SceneDelegate.swift */ = {isa = PBXFileReference; lastKnownFileType = sourcecode.swift; path = SceneDelegate.swift; sourceTree = "<group>"; };
		C2B0010C25B1913C002B6F64 /* Assets.xcassets */ = {isa = PBXFileReference; lastKnownFileType = folder.assetcatalog; path = Assets.xcassets; sourceTree = "<group>"; };
		C2B0010F25B1913C002B6F64 /* Base */ = {isa = PBXFileReference; lastKnownFileType = file.storyboard; name = Base; path = Base.lproj/LaunchScreen.storyboard; sourceTree = "<group>"; };
		C2B0011125B1913C002B6F64 /* Info.plist */ = {isa = PBXFileReference; lastKnownFileType = text.plist.xml; path = Info.plist; sourceTree = "<group>"; };
		C2B0011925B19152002B6F64 /* Leave.swift */ = {isa = PBXFileReference; lastKnownFileType = sourcecode.swift; path = Leave.swift; sourceTree = "<group>"; };
		C2B0012125B19290002B6F64 /* ApiManager.swift */ = {isa = PBXFileReference; lastKnownFileType = sourcecode.swift; path = ApiManager.swift; sourceTree = "<group>"; };
		C2B0012525B19BC1002B6F64 /* Constants.swift */ = {isa = PBXFileReference; lastKnownFileType = sourcecode.swift; path = Constants.swift; sourceTree = "<group>"; };
		C2B0012825B19C9F002B6F64 /* ApiParams.swift */ = {isa = PBXFileReference; lastKnownFileType = sourcecode.swift; path = ApiParams.swift; sourceTree = "<group>"; };
		C2B0012C25B19E09002B6F64 /* ReadMe.swift */ = {isa = PBXFileReference; lastKnownFileType = sourcecode.swift; path = ReadMe.swift; sourceTree = "<group>"; };
		C2B0012F25B19F33002B6F64 /* Design1 */ = {isa = PBXFileReference; lastKnownFileType = folder; path = Design1; sourceTree = "<group>"; };
		C2B0013225B19F6B002B6F64 /* LeaveRequestViewController.swift */ = {isa = PBXFileReference; lastKnownFileType = sourcecode.swift; path = LeaveRequestViewController.swift; sourceTree = "<group>"; };
		C2B0013B25B1A01B002B6F64 /* LeaveRequest.storyboard */ = {isa = PBXFileReference; lastKnownFileType = file.storyboard; path = LeaveRequest.storyboard; sourceTree = "<group>"; };
		C2B0014025B1A197002B6F64 /* UITextField.swift */ = {isa = PBXFileReference; lastKnownFileType = sourcecode.swift; path = UITextField.swift; sourceTree = "<group>"; };
		C2F5EFCC25B3E0340017228E /* LeaveRequest+Keyboard.swift */ = {isa = PBXFileReference; lastKnownFileType = sourcecode.swift; path = "LeaveRequest+Keyboard.swift"; sourceTree = "<group>"; };
		C2F5EFD025B3F54A0017228E /* UIViewController.swift */ = {isa = PBXFileReference; lastKnownFileType = sourcecode.swift; path = UIViewController.swift; sourceTree = "<group>"; };
/* End PBXFileReference section */

/* Begin PBXFrameworksBuildPhase section */
		C2B000FD25B1913B002B6F64 /* Frameworks */ = {
			isa = PBXFrameworksBuildPhase;
			buildActionMask = 2147483647;
			files = (
			);
			runOnlyForDeploymentPostprocessing = 0;
		};
/* End PBXFrameworksBuildPhase section */

/* Begin PBXGroup section */
		C2192D2825B1F1B70084980F /* LeaveDayTVCell */ = {
			isa = PBXGroup;
			children = (
				C2192D2F25B1F5CE0084980F /* LeaveDayTVCell.swift */,
				C2192D3025B1F5CE0084980F /* LeaveDayTVCell.xib */,
			);
			path = LeaveDayTVCell;
			sourceTree = "<group>";
		};
		C2192D2925B1F1D10084980F /* LeaveTypeCVCell */ = {
			isa = PBXGroup;
			children = (
				C2192D2A25B1F2150084980F /* LeaveTypesCVCell.swift */,
				C2192D2B25B1F2150084980F /* LeaveTypesCVCell.xib */,
			);
			path = LeaveTypeCVCell;
			sourceTree = "<group>";
		};
		C2192D4325B2050D0084980F /* Resources */ = {
			isa = PBXGroup;
			children = (
				C2192D4425B205260084980F /* LeaveRequest.xcassets */,
			);
			path = Resources;
			sourceTree = "<group>";
		};
		C2B000F725B1913B002B6F64 = {
			isa = PBXGroup;
			children = (
				C2B0010225B1913B002B6F64 /* Test */,
				C2B0010125B1913B002B6F64 /* Products */,
			);
			sourceTree = "<group>";
		};
		C2B0010125B1913B002B6F64 /* Products */ = {
			isa = PBXGroup;
			children = (
				C2B0010025B1913B002B6F64 /* Test.app */,
			);
			name = Products;
			sourceTree = "<group>";
		};
		C2B0010225B1913B002B6F64 /* Test */ = {
			isa = PBXGroup;
			children = (
				C2B0013525B19FDA002B6F64 /* LeaveRequest */,
				C2B0012B25B19DF8002B6F64 /* SupportingFiles */,
				C2B0012425B19BAF002B6F64 /* AppConstants */,
				C2B0012025B1927C002B6F64 /* Network */,
				C2B0010325B1913B002B6F64 /* AppDelegate.swift */,
				C2B0010525B1913B002B6F64 /* SceneDelegate.swift */,
				C2B0010C25B1913C002B6F64 /* Assets.xcassets */,
				C2B0010E25B1913C002B6F64 /* LaunchScreen.storyboard */,
				C2B0011125B1913C002B6F64 /* Info.plist */,
			);
			path = Test;
			sourceTree = "<group>";
		};
		C2B0011825B19147002B6F64 /* Model */ = {
			isa = PBXGroup;
			children = (
				C2B0011925B19152002B6F64 /* Leave.swift */,
			);
			path = Model;
			sourceTree = "<group>";
		};
		C2B0011D25B191FB002B6F64 /* ViewModel */ = {
			isa = PBXGroup;
			children = (
				C2192D3A25B1F9B80084980F /* LeaveRequestViewModel.swift */,
			);
			path = ViewModel;
			sourceTree = "<group>";
		};
		C2B0011E25B19202002B6F64 /* ViewController */ = {
			isa = PBXGroup;
			children = (
				C2B0013225B19F6B002B6F64 /* LeaveRequestViewController.swift */,
				C2192D3725B1F96B0084980F /* LeaveRequest+TVExtention.swift */,
				C2192D3D25B1FA9C0084980F /* LeaveRequest+CVExtension.swift */,
				C2192D5125B284990084980F /* LeaveRequest+DatePicker.swift */,
				C2192D5425B28C5C0084980F /* LeaveRequest+TFExtension.swift */,
				C207286625B3419900E88A35 /* LeaveRequest+TVDelegate.swift */,
				C2F5EFCC25B3E0340017228E /* LeaveRequest+Keyboard.swift */,
			);
			path = ViewController;
			sourceTree = "<group>";
		};
		C2B0011F25B19209002B6F64 /* View */ = {
			isa = PBXGroup;
			children = (
				C2192D2925B1F1D10084980F /* LeaveTypeCVCell */,
				C2192D2825B1F1B70084980F /* LeaveDayTVCell */,
			);
			path = View;
			sourceTree = "<group>";
		};
		C2B0012025B1927C002B6F64 /* Network */ = {
			isa = PBXGroup;
			children = (
				C2B0012125B19290002B6F64 /* ApiManager.swift */,
			);
			path = Network;
			sourceTree = "<group>";
		};
		C2B0012425B19BAF002B6F64 /* AppConstants */ = {
			isa = PBXGroup;
			children = (
				C2B0012525B19BC1002B6F64 /* Constants.swift */,
				C2B0012825B19C9F002B6F64 /* ApiParams.swift */,
			);
			path = AppConstants;
			sourceTree = "<group>";
		};
		C2B0012B25B19DF8002B6F64 /* SupportingFiles */ = {
			isa = PBXGroup;
			children = (
				C2B0013E25B1A15B002B6F64 /* Extensions */,
				C2B0012F25B19F33002B6F64 /* Design1 */,
				C2B0012C25B19E09002B6F64 /* ReadMe.swift */,
				C2192D4025B202D20084980F /* TODO.swift */,
				C2192D4B25B213020084980F /* Theme.swift */,
			);
			path = SupportingFiles;
			sourceTree = "<group>";
		};
		C2B0013525B19FDA002B6F64 /* LeaveRequest */ = {
			isa = PBXGroup;
			children = (
				C2B0011F25B19209002B6F64 /* View */,
				C2B0011825B19147002B6F64 /* Model */,
				C2B0011D25B191FB002B6F64 /* ViewModel */,
				C2B0011E25B19202002B6F64 /* ViewController */,
				C2B0013625B19FF2002B6F64 /* StoryBoard */,
				C2192D4325B2050D0084980F /* Resources */,
			);
			path = LeaveRequest;
			sourceTree = "<group>";
		};
		C2B0013625B19FF2002B6F64 /* StoryBoard */ = {
			isa = PBXGroup;
			children = (
				C2B0013B25B1A01B002B6F64 /* LeaveRequest.storyboard */,
			);
			path = StoryBoard;
			sourceTree = "<group>";
		};
		C2B0013E25B1A15B002B6F64 /* Extensions */ = {
			isa = PBXGroup;
			children = (
				C2B0014025B1A197002B6F64 /* UITextField.swift */,
				C2192D3425B1F7750084980F /* Date.swift */,
				C2192D4825B2109C0084980F /* UIView.swift */,
				C2F5EFD025B3F54A0017228E /* UIViewController.swift */,
			);
			path = Extensions;
			sourceTree = "<group>";
		};
/* End PBXGroup section */

/* Begin PBXNativeTarget section */
		C2B000FF25B1913B002B6F64 /* Test */ = {
			isa = PBXNativeTarget;
			buildConfigurationList = C2B0011425B1913C002B6F64 /* Build configuration list for PBXNativeTarget "Test" */;
			buildPhases = (
				C2B000FC25B1913B002B6F64 /* Sources */,
				C2B000FD25B1913B002B6F64 /* Frameworks */,
				C2B000FE25B1913B002B6F64 /* Resources */,
			);
			buildRules = (
			);
			dependencies = (
			);
			name = Test;
			productName = Test;
			productReference = C2B0010025B1913B002B6F64 /* Test.app */;
			productType = "com.apple.product-type.application";
		};
/* End PBXNativeTarget section */

/* Begin PBXProject section */
		C2B000F825B1913B002B6F64 /* Project object */ = {
			isa = PBXProject;
			attributes = {
				LastSwiftUpdateCheck = 1230;
				LastUpgradeCheck = 1230;
				TargetAttributes = {
					C2B000FF25B1913B002B6F64 = {
						CreatedOnToolsVersion = 12.3;
					};
				};
			};
			buildConfigurationList = C2B000FB25B1913B002B6F64 /* Build configuration list for PBXProject "Test" */;
			compatibilityVersion = "Xcode 9.3";
			developmentRegion = en;
			hasScannedForEncodings = 0;
			knownRegions = (
				en,
				Base,
			);
			mainGroup = C2B000F725B1913B002B6F64;
			productRefGroup = C2B0010125B1913B002B6F64 /* Products */;
			projectDirPath = "";
			projectRoot = "";
			targets = (
				C2B000FF25B1913B002B6F64 /* Test */,
			);
		};
/* End PBXProject section */

/* Begin PBXResourcesBuildPhase section */
		C2B000FE25B1913B002B6F64 /* Resources */ = {
			isa = PBXResourcesBuildPhase;
			buildActionMask = 2147483647;
			files = (
				C2B0011025B1913C002B6F64 /* LaunchScreen.storyboard in Resources */,
				C2B0010D25B1913C002B6F64 /* Assets.xcassets in Resources */,
				C2B0013025B19F33002B6F64 /* Design1 in Resources */,
				C2192D2D25B1F2150084980F /* LeaveTypesCVCell.xib in Resources */,
				C2192D3225B1F5CE0084980F /* LeaveDayTVCell.xib in Resources */,
				C2192D4525B205260084980F /* LeaveRequest.xcassets in Resources */,
				C2B0013C25B1A01B002B6F64 /* LeaveRequest.storyboard in Resources */,
			);
			runOnlyForDeploymentPostprocessing = 0;
		};
/* End PBXResourcesBuildPhase section */

/* Begin PBXSourcesBuildPhase section */
		C2B000FC25B1913B002B6F64 /* Sources */ = {
			isa = PBXSourcesBuildPhase;
			buildActionMask = 2147483647;
			files = (
				C2192D3B25B1F9B80084980F /* LeaveRequestViewModel.swift in Sources */,
				C2192D2C25B1F2150084980F /* LeaveTypesCVCell.swift in Sources */,
				C2B0012925B19C9F002B6F64 /* ApiParams.swift in Sources */,
				C2B0014125B1A197002B6F64 /* UITextField.swift in Sources */,
				C2B0012625B19BC1002B6F64 /* Constants.swift in Sources */,
				C2B0010425B1913B002B6F64 /* AppDelegate.swift in Sources */,
				C2F5EFD125B3F54A0017228E /* UIViewController.swift in Sources */,
				C2192D3E25B1FA9C0084980F /* LeaveRequest+CVExtension.swift in Sources */,
				C2B0012225B19290002B6F64 /* ApiManager.swift in Sources */,
				C2192D5225B284990084980F /* LeaveRequest+DatePicker.swift in Sources */,
				C2192D3825B1F96B0084980F /* LeaveRequest+TVExtention.swift in Sources */,
				C2F5EFCD25B3E0340017228E /* LeaveRequest+Keyboard.swift in Sources */,
				C2192D4C25B213020084980F /* Theme.swift in Sources */,
				C2B0012D25B19E09002B6F64 /* ReadMe.swift in Sources */,
				C2192D3525B1F7750084980F /* Date.swift in Sources */,
				C2192D5525B28C5C0084980F /* LeaveRequest+TFExtension.swift in Sources */,
				C2192D4125B202D20084980F /* TODO.swift in Sources */,
				C2B0010625B1913B002B6F64 /* SceneDelegate.swift in Sources */,
				C2192D4925B2109C0084980F /* UIView.swift in Sources */,
				C2B0011A25B19152002B6F64 /* Leave.swift in Sources */,
				C2B0013325B19F6B002B6F64 /* LeaveRequestViewController.swift in Sources */,
				C2192D3125B1F5CE0084980F /* LeaveDayTVCell.swift in Sources */,
				C207286725B3419900E88A35 /* LeaveRequest+TVDelegate.swift in Sources */,
			);
			runOnlyForDeploymentPostprocessing = 0;
		};
/* End PBXSourcesBuildPhase section */

/* Begin PBXVariantGroup section */
		C2B0010E25B1913C002B6F64 /* LaunchScreen.storyboard */ = {
			isa = PBXVariantGroup;
			children = (
				C2B0010F25B1913C002B6F64 /* Base */,
			);
			name = LaunchScreen.storyboard;
			sourceTree = "<group>";
		};
/* End PBXVariantGroup section */

/* Begin XCBuildConfiguration section */
		C2B0011225B1913C002B6F64 /* Debug */ = {
			isa = XCBuildConfiguration;
			buildSettings = {
				ALWAYS_SEARCH_USER_PATHS = NO;
				CLANG_ANALYZER_NONNULL = YES;
				CLANG_ANALYZER_NUMBER_OBJECT_CONVERSION = YES_AGGRESSIVE;
				CLANG_CXX_LANGUAGE_STANDARD = "gnu++14";
				CLANG_CXX_LIBRARY = "libc++";
				CLANG_ENABLE_MODULES = YES;
				CLANG_ENABLE_OBJC_ARC = YES;
				CLANG_ENABLE_OBJC_WEAK = YES;
				CLANG_WARN_BLOCK_CAPTURE_AUTORELEASING = YES;
				CLANG_WARN_BOOL_CONVERSION = YES;
				CLANG_WARN_COMMA = YES;
				CLANG_WARN_CONSTANT_CONVERSION = YES;
				CLANG_WARN_DEPRECATED_OBJC_IMPLEMENTATIONS = YES;
				CLANG_WARN_DIRECT_OBJC_ISA_USAGE = YES_ERROR;
				CLANG_WARN_DOCUMENTATION_COMMENTS = YES;
				CLANG_WARN_EMPTY_BODY = YES;
				CLANG_WARN_ENUM_CONVERSION = YES;
				CLANG_WARN_INFINITE_RECURSION = YES;
				CLANG_WARN_INT_CONVERSION = YES;
				CLANG_WARN_NON_LITERAL_NULL_CONVERSION = YES;
				CLANG_WARN_OBJC_IMPLICIT_RETAIN_SELF = YES;
				CLANG_WARN_OBJC_LITERAL_CONVERSION = YES;
				CLANG_WARN_OBJC_ROOT_CLASS = YES_ERROR;
				CLANG_WARN_QUOTED_INCLUDE_IN_FRAMEWORK_HEADER = YES;
				CLANG_WARN_RANGE_LOOP_ANALYSIS = YES;
				CLANG_WARN_STRICT_PROTOTYPES = YES;
				CLANG_WARN_SUSPICIOUS_MOVE = YES;
				CLANG_WARN_UNGUARDED_AVAILABILITY = YES_AGGRESSIVE;
				CLANG_WARN_UNREACHABLE_CODE = YES;
				CLANG_WARN__DUPLICATE_METHOD_MATCH = YES;
				COPY_PHASE_STRIP = NO;
				DEBUG_INFORMATION_FORMAT = dwarf;
				ENABLE_STRICT_OBJC_MSGSEND = YES;
				ENABLE_TESTABILITY = YES;
				GCC_C_LANGUAGE_STANDARD = gnu11;
				GCC_DYNAMIC_NO_PIC = NO;
				GCC_NO_COMMON_BLOCKS = YES;
				GCC_OPTIMIZATION_LEVEL = 0;
				GCC_PREPROCESSOR_DEFINITIONS = (
					"DEBUG=1",
					"$(inherited)",
				);
				GCC_WARN_64_TO_32_BIT_CONVERSION = YES;
				GCC_WARN_ABOUT_RETURN_TYPE = YES_ERROR;
				GCC_WARN_UNDECLARED_SELECTOR = YES;
				GCC_WARN_UNINITIALIZED_AUTOS = YES_AGGRESSIVE;
				GCC_WARN_UNUSED_FUNCTION = YES;
				GCC_WARN_UNUSED_VARIABLE = YES;
				IPHONEOS_DEPLOYMENT_TARGET = 14.3;
				MTL_ENABLE_DEBUG_INFO = INCLUDE_SOURCE;
				MTL_FAST_MATH = YES;
				ONLY_ACTIVE_ARCH = YES;
				SDKROOT = iphoneos;
				SWIFT_ACTIVE_COMPILATION_CONDITIONS = DEBUG;
				SWIFT_OPTIMIZATION_LEVEL = "-Onone";
			};
			name = Debug;
		};
		C2B0011325B1913C002B6F64 /* Release */ = {
			isa = XCBuildConfiguration;
			buildSettings = {
				ALWAYS_SEARCH_USER_PATHS = NO;
				CLANG_ANALYZER_NONNULL = YES;
				CLANG_ANALYZER_NUMBER_OBJECT_CONVERSION = YES_AGGRESSIVE;
				CLANG_CXX_LANGUAGE_STANDARD = "gnu++14";
				CLANG_CXX_LIBRARY = "libc++";
				CLANG_ENABLE_MODULES = YES;
				CLANG_ENABLE_OBJC_ARC = YES;
				CLANG_ENABLE_OBJC_WEAK = YES;
				CLANG_WARN_BLOCK_CAPTURE_AUTORELEASING = YES;
				CLANG_WARN_BOOL_CONVERSION = YES;
				CLANG_WARN_COMMA = YES;
				CLANG_WARN_CONSTANT_CONVERSION = YES;
				CLANG_WARN_DEPRECATED_OBJC_IMPLEMENTATIONS = YES;
				CLANG_WARN_DIRECT_OBJC_ISA_USAGE = YES_ERROR;
				CLANG_WARN_DOCUMENTATION_COMMENTS = YES;
				CLANG_WARN_EMPTY_BODY = YES;
				CLANG_WARN_ENUM_CONVERSION = YES;
				CLANG_WARN_INFINITE_RECURSION = YES;
				CLANG_WARN_INT_CONVERSION = YES;
				CLANG_WARN_NON_LITERAL_NULL_CONVERSION = YES;
				CLANG_WARN_OBJC_IMPLICIT_RETAIN_SELF = YES;
				CLANG_WARN_OBJC_LITERAL_CONVERSION = YES;
				CLANG_WARN_OBJC_ROOT_CLASS = YES_ERROR;
				CLANG_WARN_QUOTED_INCLUDE_IN_FRAMEWORK_HEADER = YES;
				CLANG_WARN_RANGE_LOOP_ANALYSIS = YES;
				CLANG_WARN_STRICT_PROTOTYPES = YES;
				CLANG_WARN_SUSPICIOUS_MOVE = YES;
				CLANG_WARN_UNGUARDED_AVAILABILITY = YES_AGGRESSIVE;
				CLANG_WARN_UNREACHABLE_CODE = YES;
				CLANG_WARN__DUPLICATE_METHOD_MATCH = YES;
				COPY_PHASE_STRIP = NO;
				DEBUG_INFORMATION_FORMAT = "dwarf-with-dsym";
				ENABLE_NS_ASSERTIONS = NO;
				ENABLE_STRICT_OBJC_MSGSEND = YES;
				GCC_C_LANGUAGE_STANDARD = gnu11;
				GCC_NO_COMMON_BLOCKS = YES;
				GCC_WARN_64_TO_32_BIT_CONVERSION = YES;
				GCC_WARN_ABOUT_RETURN_TYPE = YES_ERROR;
				GCC_WARN_UNDECLARED_SELECTOR = YES;
				GCC_WARN_UNINITIALIZED_AUTOS = YES_AGGRESSIVE;
				GCC_WARN_UNUSED_FUNCTION = YES;
				GCC_WARN_UNUSED_VARIABLE = YES;
				IPHONEOS_DEPLOYMENT_TARGET = 14.3;
				MTL_ENABLE_DEBUG_INFO = NO;
				MTL_FAST_MATH = YES;
				SDKROOT = iphoneos;
				SWIFT_COMPILATION_MODE = wholemodule;
				SWIFT_OPTIMIZATION_LEVEL = "-O";
				VALIDATE_PRODUCT = YES;
			};
			name = Release;
		};
		C2B0011525B1913C002B6F64 /* Debug */ = {
			isa = XCBuildConfiguration;
			buildSettings = {
				ASSETCATALOG_COMPILER_APPICON_NAME = AppIcon;
				ASSETCATALOG_COMPILER_GLOBAL_ACCENT_COLOR_NAME = AccentColor;
				CODE_SIGN_STYLE = Automatic;
				DEVELOPMENT_TEAM = 5A693V6KR5;
				INFOPLIST_FILE = Test/Info.plist;
				LD_RUNPATH_SEARCH_PATHS = (
					"$(inherited)",
					"@executable_path/Frameworks",
				);
				PRODUCT_BUNDLE_IDENTIFIER = com.test.test.Test;
				PRODUCT_NAME = "$(TARGET_NAME)";
				SWIFT_VERSION = 5.0;
				TARGETED_DEVICE_FAMILY = "1,2";
			};
			name = Debug;
		};
		C2B0011625B1913C002B6F64 /* Release */ = {
			isa = XCBuildConfiguration;
			buildSettings = {
				ASSETCATALOG_COMPILER_APPICON_NAME = AppIcon;
				ASSETCATALOG_COMPILER_GLOBAL_ACCENT_COLOR_NAME = AccentColor;
				CODE_SIGN_STYLE = Automatic;
				DEVELOPMENT_TEAM = 5A693V6KR5;
				INFOPLIST_FILE = Test/Info.plist;
				LD_RUNPATH_SEARCH_PATHS = (
					"$(inherited)",
					"@executable_path/Frameworks",
				);
				PRODUCT_BUNDLE_IDENTIFIER = com.test.test.Test;
				PRODUCT_NAME = "$(TARGET_NAME)";
				SWIFT_VERSION = 5.0;
				TARGETED_DEVICE_FAMILY = "1,2";
			};
			name = Release;
		};
/* End XCBuildConfiguration section */

/* Begin XCConfigurationList section */
		C2B000FB25B1913B002B6F64 /* Build configuration list for PBXProject "Test" */ = {
			isa = XCConfigurationList;
			buildConfigurations = (
				C2B0011225B1913C002B6F64 /* Debug */,
				C2B0011325B1913C002B6F64 /* Release */,
			);
			defaultConfigurationIsVisible = 0;
			defaultConfigurationName = Release;
		};
		C2B0011425B1913C002B6F64 /* Build configuration list for PBXNativeTarget "Test" */ = {
			isa = XCConfigurationList;
			buildConfigurations = (
				C2B0011525B1913C002B6F64 /* Debug */,
				C2B0011625B1913C002B6F64 /* Release */,
			);
			defaultConfigurationIsVisible = 0;
			defaultConfigurationName = Release;
		};
/* End XCConfigurationList section */
	};
	rootObject = C2B000F825B1913B002B6F64 /* Project object */;
}
